
Microsoft Visual Studio Solution File, Format Version 12.00
# Visual Studio Version 16
VisualStudioVersion = 16.0.31729.503
MinimumVisualStudioVersion = 10.0.40219.1
Project("{888888A0-9F3D-457C-B088-3A5042F75D52}") = "musicplayer", "musicplayer.pyproj", "{719D6C9E-B597-4E56-AE46-A095A0B8775D}"
EndProject
Global
	GlobalSection(SolutionConfigurationPlatforms) = preSolution
		Debug|Any CPU = Debug|Any CPU
		Release|Any CPU = Release|Any CPU
	EndGlobalSection
	GlobalSection(ProjectConfigurationPlatforms) = postSolution
		{719D6C9E-B597-4E56-AE46-A095A0B8775D}.Debug|Any CPU.ActiveCfg = Debug|Any CPU
		{719D6C9E-B597-4E56-AE46-A095A0B8775D}.Release|Any CPU.ActiveCfg = Release|Any CPU
	EndGlobalSection
	GlobalSection(SolutionProperties) = preSolution
		HideSolutionNode = FALSE
	EndGlobalSection
	GlobalSection(ExtensibilityGlobals) = postSolution
		SolutionGuid = {A5206EE6-C710-4314-AC7E-1885AB1A26B7}
	EndGlobalSection
EndGlobal
